
Microsoft Visual Studio Solution File, Format Version 12.00
Project("{FAE04EC0-301F-11D3-BF4B-00C04F79EFBC}") = "LooksToTheMoon", "LooksToTheMoon\LooksToTheMoon.csproj", "{3D145239-78E7-4617-A984-174C21A98C92}"
EndProject
Global
	GlobalSection(SolutionConfigurationPlatforms) = preSolution
		Debug|Any CPU = Debug|Any CPU
		Release|Any CPU = Release|Any CPU
	EndGlobalSection
	GlobalSection(ProjectConfigurationPlatforms) = postSolution
		{3D145239-78E7-4617-A984-174C21A98C92}.Debug|Any CPU.ActiveCfg = Debug|Any CPU
		{3D145239-78E7-4617-A984-174C21A98C92}.Debug|Any CPU.Build.0 = Debug|Any CPU
		{3D145239-78E7-4617-A984-174C21A98C92}.Release|Any CPU.ActiveCfg = Release|Any CPU
		{3D145239-78E7-4617-A984-174C21A98C92}.Release|Any CPU.Build.0 = Release|Any CPU
	EndGlobalSection
EndGlobal
